
Microsoft Visual Studio Solution File, Format Version 12.00
# Visual Studio Version 16
VisualStudioVersion = 16.0.29424.173
MinimumVisualStudioVersion = 10.0.40219.1
Project("{FAE04EC0-301F-11D3-BF4B-00C04F79EFBC}") = "MakeBuildDate", "MakeBuildDate.csproj", "{2EBBA71D-9B77-4DCC-A120-87DFB3E45B82}"
EndProject
Global
	GlobalSection(SolutionConfigurationPlatforms) = preSolution
		Debug|Any CPU = Debug|Any CPU
		Release|Any CPU = Release|Any CPU
	EndGlobalSection
	GlobalSection(ProjectConfigurationPlatforms) = postSolution
		{2EBBA71D-9B77-4DCC-A120-87DFB3E45B82}.Debug|Any CPU.ActiveCfg = Debug|Any CPU
		{2EBBA71D-9B77-4DCC-A120-87DFB3E45B82}.Debug|Any CPU.Build.0 = Debug|Any CPU
		{2EBBA71D-9B77-4DCC-A120-87DFB3E45B82}.Release|Any CPU.ActiveCfg = Release|Any CPU
		{2EBBA71D-9B77-4DCC-A120-87DFB3E45B82}.Release|Any CPU.Build.0 = Release|Any CPU
	EndGlobalSection
	GlobalSection(SolutionProperties) = preSolution
		HideSolutionNode = FALSE
	EndGlobalSection
	GlobalSection(ExtensibilityGlobals) = postSolution
		SolutionGuid = {F1DDA89E-668B-4CEE-825C-77D66F0B418C}
	EndGlobalSection
EndGlobal
